github.com/go-chi/chi/v5 v5.0.5 h1:l3RJ8T8TAqLsXFfah+RA6N4pydMbPwSdvNM+AFWvLUM=
github.com/go-chi/chi/v5 v5.0.5/go.mod h1:DslCQbL2OYiznFReuXYUmQ2hGd1aDpCnlMNITLSKoi8=
github.com/google/uuid v1.3.0 h1:t6JiXgmwXMjEs8VusXIJk2BXHsn+wx8BZdTaoZ5fu7I=
github.com/google/uuid v1.3.0/go.mod h1:TIyPZe4MgqvfeYDBFedMoGGpEw/LqOeaOT+nhxU+yHo=
github.com/kelseyhightower/envconfig v1.4.0 h1:Im6hONhd3pLkfDFsbRgu68RDNkGF1r3dvMUtDTo2cv8=
github.com/kelseyhightower/envconfig v1.4.0/go.mod h1:cccZRl6mQpaq41TPp5QxidR+Sa3axMbJDNb//FQX6Gg=
github.com/koron/go-ssdp v0.0.3 h1:JivLMY45N76b4p/vsWGOKewBQu6uf39y8l+AQ7sDKx8=
github.com/koron/go-ssdp v0.0.3/go.mod h1:b2MxI6yh02pKrsyNoQUsk4+YNikaGhe4894J+Q5lDvA=
github.com/picatz/roku v0.0.0-20230221144619-ec649293f9b5 h1:rdqBfiCs3rverfVAVVhB00IC7xLVjQmt4DUcnuyJCl8=
github.com/picatz/roku v0.0.0-20230221144619-ec649293f9b5/go.mod h1:YbnV/9vxh8mdYPzSeO+QT7x2uMrh3upWwB9bwgYNdRU=
github.com/pkg/errors v0.9.1 h1:FEBLx1zS214owpjy7qsBeixbURkuhQAwrK5UwLGTwt4=
github.com/pkg/errors v0.9.1/go.mod h1:bwawxfHBFNV+L2hUp1rHADufV3IMtnDRdf1r5NINEl0=
golang.org/x/net v0.0.0-20220425223048-2871e0cb64e4 h1:HVyaeDAYux4pnY+D/SiwmLOR36ewZ4iGQIIrtnuCjFA=
golang.org/x/net v0.0.0-20220425223048-2871e0cb64e4/go.mod h1:CfG3xpIq0wQ8r1q4Su4UZFWDARRcnwPjda9FqA0JpMk=
golang.org/x/sys v0.5.0 h1:MUK/U/4lj1t1oPg0HfuXDN/Z1wv31ZJ/YcPiGccS4DU=
golang.org/x/sys v0.5.0/go.mod h1:oPkhp1MJrh7nUepCBck5+mAzfO9JrbApNNgaTdGDITg=
